
Microsoft Visual Studio Solution File, Format Version 12.00
# Visual Studio 15
VisualStudioVersion = 15.0.26730.15
MinimumVisualStudioVersion = 10.0.40219.1
Project("{8BC9CEB8-8B4A-11D0-8D11-00A0C91BC942}") = "MugenDreamcastOptimizer", "MugenDreamcastOptimizer.vcxproj", "{09EF53D8-CDED-4E61-B479-AF0FA2F29A09}"
	ProjectSection(ProjectDependencies) = postProject
		{3572E463-893D-4815-8ECC-E65F3B8C6D90} = {3572E463-893D-4815-8ECC-E65F3B8C6D90}
	EndProjectSection
EndProject
Project("{8BC9CEB8-8B4A-11D0-8D11-00A0C91BC942}") = "prism", "..\..\windows\vs17\prism.vcxproj", "{3572E463-893D-4815-8ECC-E65F3B8C6D90}"
EndProject
Global
	GlobalSection(SolutionConfigurationPlatforms) = preSolution
		Debug|x64 = Debug|x64
		Debug|x86 = Debug|x86
		Release|x64 = Release|x64
		Release|x86 = Release|x86
	EndGlobalSection
	GlobalSection(ProjectConfigurationPlatforms) = postSolution
		{09EF53D8-CDED-4E61-B479-AF0FA2F29A09}.Debug|x64.ActiveCfg = Debug|x64
		{09EF53D8-CDED-4E61-B479-AF0FA2F29A09}.Debug|x64.Build.0 = Debug|x64
		{09EF53D8-CDED-4E61-B479-AF0FA2F29A09}.Debug|x86.ActiveCfg = Debug|Win32
		{09EF53D8-CDED-4E61-B479-AF0FA2F29A09}.Debug|x86.Build.0 = Debug|Win32
		{09EF53D8-CDED-4E61-B479-AF0FA2F29A09}.Release|x64.ActiveCfg = Release|x64
		{09EF53D8-CDED-4E61-B479-AF0FA2F29A09}.Release|x64.Build.0 = Release|x64
		{09EF53D8-CDED-4E61-B479-AF0FA2F29A09}.Release|x86.ActiveCfg = Release|Win32
		{09EF53D8-CDED-4E61-B479-AF0FA2F29A09}.Release|x86.Build.0 = Release|Win32
		{3572E463-893D-4815-8ECC-E65F3B8C6D90}.Debug|x64.ActiveCfg = Debug|x64
		{3572E463-893D-4815-8ECC-E65F3B8C6D90}.Debug|x64.Build.0 = Debug|x64
		{3572E463-893D-4815-8ECC-E65F3B8C6D90}.Debug|x86.ActiveCfg = Debug|Win32
		{3572E463-893D-4815-8ECC-E65F3B8C6D90}.Debug|x86.Build.0 = Debug|Win32
		{3572E463-893D-4815-8ECC-E65F3B8C6D90}.Release|x64.ActiveCfg = Release|x64
		{3572E463-893D-4815-8ECC-E65F3B8C6D90}.Release|x64.Build.0 = Release|x64
		{3572E463-893D-4815-8ECC-E65F3B8C6D90}.Release|x86.ActiveCfg = Release|Win32
		{3572E463-893D-4815-8ECC-E65F3B8C6D90}.Release|x86.Build.0 = Release|Win32
	EndGlobalSection
	GlobalSection(SolutionProperties) = preSolution
		HideSolutionNode = FALSE
	EndGlobalSection
	GlobalSection(ExtensibilityGlobals) = postSolution
		SolutionGuid = {C89496DC-D5E0-43EF-9DA2-C2D913DD7F9E}
	EndGlobalSection
EndGlobal
