<?xml version="1.0" encoding="utf-8"?>
<Project ToolsVersion="4.0" xmlns="http://schemas.microsoft.com/developer/msbuild/2003">
  <ItemGroup>
    <ClCompile Include="..\..\animation.c">
      <Filter>src</Filter>
    </ClCompile>
    <ClCompile Include="..\..\collision.c">
      <Filter>src</Filter>
    </ClCompile>
    <ClCompile Include="..\..\collisionanimation.c">
      <Filter>src</Filter>
    </ClCompile>
    <ClCompile Include="..\..\collisionhandler.c">
      <Filter>src</Filter>
    </ClCompile>
    <ClCompile Include="..\..\datastructures.c">
      <Filter>src</Filter>
    </ClCompile>
    <ClCompile Include="..\..\framerate.c">
      <Filter>src</Filter>
    </ClCompile>
    <ClCompile Include="..\..\geometry.c">
      <Filter>src</Filter>
    </ClCompile>
    <ClCompile Include="..\..\optionhandler.c">
      <Filter>src</Filter>
    </ClCompile>
    <ClCompile Include="..\..\physics.c">
      <Filter>src</Filter>
    </ClCompile>
    <ClCompile Include="..\..\physicshandler.c">
      <Filter>src</Filter>
    </ClCompile>
    <ClCompile Include="..\..\quicklz.c">
      <Filter>src</Filter>
    </ClCompile>
    <ClCompile Include="..\..\script.c">
      <Filter>src</Filter>
    </ClCompile>
    <ClCompile Include="..\..\stagehandler.c">
      <Filter>src</Filter>
    </ClCompile>
    <ClCompile Include="..\..\timer.c">
      <Filter>src</Filter>
    </ClCompile>
    <ClCompile Include="..\..\wrapper.c">
      <Filter>src</Filter>
    </ClCompile>
    <ClCompile Include="..\math_win.c">
      <Filter>src\windows</Filter>
    </ClCompile>
    <ClCompile Include="..\drawing_win.c">
      <Filter>src\windows</Filter>
    </ClCompile>
    <ClCompile Include="..\file_win.c">
      <Filter>src\windows</Filter>
    </ClCompile>
    <ClCompile Include="..\framerateselect_win.c">
      <Filter>src\windows</Filter>
    </ClCompile>
    <ClCompile Include="..\input_win.c">
      <Filter>src\windows</Filter>
    </ClCompile>
    <ClCompile Include="..\log_win.c">
      <Filter>src\windows</Filter>
    </ClCompile>
    <ClCompile Include="..\pvr_win.c">
      <Filter>src\windows</Filter>
    </ClCompile>
    <ClCompile Include="..\sound_win.c">
      <Filter>src\windows</Filter>
    </ClCompile>
    <ClCompile Include="..\soundeffect_win.c">
      <Filter>src\windows</Filter>
    </ClCompile>
    <ClCompile Include="..\system_win.c">
      <Filter>src\windows</Filter>
    </ClCompile>
    <ClCompile Include="..\texture_win.c">
      <Filter>src\windows</Filter>
    </ClCompile>
    <ClCompile Include="..\..\file.c">
      <Filter>src</Filter>
    </ClCompile>
    <ClCompile Include="..\..\input.c">
      <Filter>src</Filter>
    </ClCompile>
    <ClCompile Include="..\..\memoryhandler.c">
      <Filter>src</Filter>
    </ClCompile>
    <ClCompile Include="..\..\drawing.c">
      <Filter>src</Filter>
    </ClCompile>
    <ClCompile Include="..\..\texture.c">
      <Filter>src</Filter>
    </ClCompile>
    <ClCompile Include="..\..\math.c">
      <Filter>src</Filter>
    </ClCompile>
    <ClCompile Include="..\..\animationtree.c">
      <Filter>src</Filter>
    </ClCompile>
    <ClCompile Include="..\..\texturepool.c">
      <Filter>src</Filter>
    </ClCompile>
    <ClCompile Include="..\..\storyboard.c">
      <Filter>src</Filter>
    </ClCompile>
    <ClCompile Include="..\..\texthandler.c">
      <Filter>src</Filter>
    </ClCompile>
    <ClCompile Include="..\..\screeneffect.c">
      <Filter>src</Filter>
    </ClCompile>
    <ClCompile Include="..\memoryhandler_win.c">
      <Filter>src\windows</Filter>
    </ClCompile>
    <ClCompile Include="..\..\compression.c">
      <Filter>src</Filter>
    </ClCompile>
    <ClCompile Include="..\romdisk_win.c">
      <Filter>src\windows</Filter>
    </ClCompile>
    <ClCompile Include="..\..\actorhandler.c">
      <Filter>src</Filter>
    </ClCompile>
  </ItemGroup>
  <ItemGroup>
    <Filter Include="src">
      <UniqueIdentifier>{70cd4700-f13f-4125-ba0c-0674d46ebdb6}</UniqueIdentifier>
    </Filter>
    <Filter Include="src\windows">
      <UniqueIdentifier>{ea6923dd-ddde-4088-bcc8-2470cce701b0}</UniqueIdentifier>
    </Filter>
    <Filter Include="hdr">
      <UniqueIdentifier>{a7e6c9d5-aa12-456b-b493-9e6073159364}</UniqueIdentifier>
    </Filter>
    <Filter Include="hdr\common">
      <UniqueIdentifier>{e718a84f-bf11-49e0-af5f-37f182113425}</UniqueIdentifier>
    </Filter>
    <Filter Include="hdr\windows">
      <UniqueIdentifier>{3b042a29-db22-405e-9685-aecaad3387c4}</UniqueIdentifier>
    </Filter>
  </ItemGroup>
  <ItemGroup>
    <None Include="..\..\README.md">
      <Filter>src</Filter>
    </None>
  </ItemGroup>
  <ItemGroup>
    <ClInclude Include="..\..\include\tari\animation.h">
      <Filter>hdr</Filter>
    </ClInclude>
    <ClInclude Include="..\..\include\tari\animationtree.h">
      <Filter>hdr</Filter>
    </ClInclude>
    <ClInclude Include="..\..\include\tari\collision.h">
      <Filter>hdr</Filter>
    </ClInclude>
    <ClInclude Include="..\..\include\tari\collisionanimation.h">
      <Filter>hdr</Filter>
    </ClInclude>
    <ClInclude Include="..\..\include\tari\collisionhandler.h">
      <Filter>hdr</Filter>
    </ClInclude>
    <ClInclude Include="..\..\include\tari\datastructures.h">
      <Filter>hdr</Filter>
    </ClInclude>
    <ClInclude Include="..\..\include\tari\drawing.h">
      <Filter>hdr</Filter>
    </ClInclude>
    <ClInclude Include="..\..\include\tari\file.h">
      <Filter>hdr</Filter>
    </ClInclude>
    <ClInclude Include="..\..\include\tari\framerate.h">
      <Filter>hdr</Filter>
    </ClInclude>
    <ClInclude Include="..\..\include\tari\framerateselectscreen.h">
      <Filter>hdr</Filter>
    </ClInclude>
    <ClInclude Include="..\..\include\tari\geometry.h">
      <Filter>hdr</Filter>
    </ClInclude>
    <ClInclude Include="..\..\include\tari\input.h">
      <Filter>hdr</Filter>
    </ClInclude>
    <ClInclude Include="..\..\include\tari\log.h">
      <Filter>hdr</Filter>
    </ClInclude>
    <ClInclude Include="..\..\include\tari\math.h">
      <Filter>hdr</Filter>
    </ClInclude>
    <ClInclude Include="..\..\include\tari\memoryhandler.h">
      <Filter>hdr</Filter>
    </ClInclude>
    <ClInclude Include="..\..\include\tari\optionhandler.h">
      <Filter>hdr</Filter>
    </ClInclude>
    <ClInclude Include="..\..\include\tari\physics.h">
      <Filter>hdr</Filter>
    </ClInclude>
    <ClInclude Include="..\..\include\tari\physicshandler.h">
      <Filter>hdr</Filter>
    </ClInclude>
    <ClInclude Include="..\..\include\tari\pvr.h">
      <Filter>hdr</Filter>
    </ClInclude>
    <ClInclude Include="..\..\include\tari\quicklz.h">
      <Filter>hdr</Filter>
    </ClInclude>
    <ClInclude Include="..\..\include\tari\screeneffect.h">
      <Filter>hdr</Filter>
    </ClInclude>
    <ClInclude Include="..\..\include\tari\script.h">
      <Filter>hdr</Filter>
    </ClInclude>
    <ClInclude Include="..\..\include\tari\sound.h">
      <Filter>hdr</Filter>
    </ClInclude>
    <ClInclude Include="..\..\include\tari\soundeffect.h">
      <Filter>hdr</Filter>
    </ClInclude>
    <ClInclude Include="..\..\include\tari\stagehandler.h">
      <Filter>hdr</Filter>
    </ClInclude>
    <ClInclude Include="..\..\include\tari\storyboard.h">
      <Filter>hdr</Filter>
    </ClInclude>
    <ClInclude Include="..\..\include\tari\system.h">
      <Filter>hdr</Filter>
    </ClInclude>
    <ClInclude Include="..\..\include\tari\texthandler.h">
      <Filter>hdr</Filter>
    </ClInclude>
    <ClInclude Include="..\..\include\tari\texture.h">
      <Filter>hdr</Filter>
    </ClInclude>
    <ClInclude Include="..\..\include\tari\texturepool.h">
      <Filter>hdr</Filter>
    </ClInclude>
    <ClInclude Include="..\..\include\tari\timer.h">
      <Filter>hdr</Filter>
    </ClInclude>
    <ClInclude Include="..\..\include\tari\wrapper.h">
      <Filter>hdr</Filter>
    </ClInclude>
    <ClInclude Include="..\..\include\tari\common\header.h">
      <Filter>hdr\common</Filter>
    </ClInclude>
    <ClInclude Include="..\..\include\tari\compression.h">
      <Filter>hdr</Filter>
    </ClInclude>
    <ClInclude Include="..\..\include\tari\windows\romdisk_win.h">
      <Filter>hdr\windows</Filter>
    </ClInclude>
    <ClInclude Include="..\..\include\tari\actorhandler.h">
      <Filter>hdr</Filter>
    </ClInclude>
  </ItemGroup>
</Project>